
Microsoft Visual Studio Solution File, Format Version 12.00
# Visual Studio Version 17
VisualStudioVersion = 17.6.33815.320
MinimumVisualStudioVersion = 10.0.40219.1
Project("{FAE04EC0-301F-11D3-BF4B-00C04F79EFBC}") = "Calculator", "Calaculator\Calculator.csproj", "{BEBD823F-D5BE-4D7C-89C3-F10F332E99C0}"
EndProject
Global
	GlobalSection(SolutionConfigurationPlatforms) = preSolution
		Debug|Any CPU = Debug|Any CPU
		Release|Any CPU = Release|Any CPU
	EndGlobalSection
	GlobalSection(ProjectConfigurationPlatforms) = postSolution
		{BEBD823F-D5BE-4D7C-89C3-F10F332E99C0}.Debug|Any CPU.ActiveCfg = Debug|Any CPU
		{BEBD823F-D5BE-4D7C-89C3-F10F332E99C0}.Debug|Any CPU.Build.0 = Debug|Any CPU
		{BEBD823F-D5BE-4D7C-89C3-F10F332E99C0}.Release|Any CPU.ActiveCfg = Release|Any CPU
		{BEBD823F-D5BE-4D7C-89C3-F10F332E99C0}.Release|Any CPU.Build.0 = Release|Any CPU
	EndGlobalSection
	GlobalSection(SolutionProperties) = preSolution
		HideSolutionNode = FALSE
	EndGlobalSection
	GlobalSection(ExtensibilityGlobals) = postSolution
		SolutionGuid = {6DDE0996-CB16-45FB-9093-75787E1C43ED}
	EndGlobalSection
EndGlobal
